
Microsoft Visual Studio Solution File, Format Version 12.00
# Visual Studio Version 17
VisualStudioVersion = 17.3.32825.248
MinimumVisualStudioVersion = 10.0.40219.1
Project("{FAE04EC0-301F-11D3-BF4B-00C04F79EFBC}") = "Assignment_1", "Assignment_1.csproj", "{36786C26-F23B-4C75-A9A8-BCE38826E014}"
EndProject
Global
	GlobalSection(SolutionConfigurationPlatforms) = preSolution
		Debug|Any CPU = Debug|Any CPU
		Release|Any CPU = Release|Any CPU
	EndGlobalSection
	GlobalSection(ProjectConfigurationPlatforms) = postSolution
		{36786C26-F23B-4C75-A9A8-BCE38826E014}.Debug|Any CPU.ActiveCfg = Debug|Any CPU
		{36786C26-F23B-4C75-A9A8-BCE38826E014}.Debug|Any CPU.Build.0 = Debug|Any CPU
		{36786C26-F23B-4C75-A9A8-BCE38826E014}.Release|Any CPU.ActiveCfg = Release|Any CPU
		{36786C26-F23B-4C75-A9A8-BCE38826E014}.Release|Any CPU.Build.0 = Release|Any CPU
	EndGlobalSection
	GlobalSection(SolutionProperties) = preSolution
		HideSolutionNode = FALSE
	EndGlobalSection
	GlobalSection(ExtensibilityGlobals) = postSolution
		SolutionGuid = {E062E379-BCC5-4FB1-8815-DE4B8694A63B}
	EndGlobalSection
EndGlobal
